+PackageKit-Qt6-0:1.1.4-4.fc44.x86_64 PackageKit-Qt-1.1.4-4.fc44.src.rpm
+acpid-0:2.0.34-16.fc44.x86_64 acpid-2.0.34-16.fc44.src.rpm
+appstream-qt-0:1.1.3-1.fc44.x86_64 appstream-1.1.3-1.fc44.src.rpm
+assimp-0:6.0.5-2.fc44.x86_64 assimp-6.0.5-2.fc44.src.rpm
+breeze-icon-theme-0:6.28.0-1.fc44.noarch kf6-breeze-icons-6.28.0-1.fc44.src.rpm
+cosmic-app-library-0:1.5.0-1.fc44.x86_64 cosmic-app-library-1.5.0-1.fc44.src.rpm
+cosmic-applets-0:1.5.0-1.fc44.x86_64 cosmic-applets-1.5.0-1.fc44.src.rpm
+cosmic-bg-0:1.5.0-1.fc44.x86_64 cosmic-bg-1.5.0-1.fc44.src.rpm
+cosmic-comp-0:1.5.0-1.fc44.x86_64 cosmic-comp-1.5.0-1.fc44.src.rpm
+cosmic-config-fedora-0:0~git.20241103.1.d35e087-5.fc44.noarch cosmic-config-fedora-0~git.20241103.1.d35e087-5.fc44.src.rpm
+cosmic-edit-0:1.5.0-1.fc44.x86_64 cosmic-edit-1.5.0-1.fc44.src.rpm
+cosmic-files-0:1.5.0-1.fc44.x86_64 cosmic-files-1.5.0-1.fc44.src.rpm
+cosmic-greeter-0:1.5.0-1.fc44.x86_64 cosmic-greeter-1.5.0-1.fc44.src.rpm
+cosmic-icon-theme-0:1.5.0-1.fc44.noarch cosmic-icon-theme-1.5.0-1.fc44.src.rpm
+cosmic-idle-0:1.5.0-1.fc44.x86_64 cosmic-idle-1.5.0-1.fc44.src.rpm
+cosmic-initial-setup-0:1.5.0-1.fc44.x86_64 cosmic-initial-setup-1.5.0-1.fc44.src.rpm
+cosmic-launcher-0:1.5.0-1.fc44.x86_64 cosmic-launcher-1.5.0-1.fc44.src.rpm
+cosmic-notifications-0:1.5.0-1.fc44.x86_64 cosmic-notifications-1.5.0-1.fc44.src.rpm
+cosmic-osd-0:1.5.0-1.fc44.x86_64 cosmic-osd-1.5.0-1.fc44.src.rpm
+cosmic-panel-0:1.5.0-1.fc44.x86_64 cosmic-panel-1.5.0-1.fc44.src.rpm
+cosmic-randr-0:1.5.0-1.fc44.x86_64 cosmic-randr-1.5.0-1.fc44.src.rpm
+cosmic-screenshot-0:1.5.0-1.fc44.x86_64 cosmic-screenshot-1.5.0-1.fc44.src.rpm
+cosmic-session-0:1.5.0-1.fc44.x86_64 cosmic-session-1.5.0-1.fc44.src.rpm
+cosmic-settings-0:1.5.0-1.fc44.x86_64 cosmic-settings-1.5.0-1.fc44.src.rpm
+cosmic-settings-daemon-0:1.5.0-1.fc44.x86_64 cosmic-settings-daemon-1.5.0-1.fc44.src.rpm
+cosmic-store-0:1.5.0-1.fc44.x86_64 cosmic-store-1.5.0-1.fc44.src.rpm
+cosmic-term-0:1.5.0-1.fc44.x86_64 cosmic-term-1.5.0-1.fc44.src.rpm
+cosmic-wallpapers-0:1.5.0-1.fc44.noarch cosmic-wallpapers-1.5.0-1.fc44.src.rpm
+cosmic-workspaces-0:1.5.0-1.fc44.x86_64 cosmic-workspaces-1.5.0-1.fc44.src.rpm
+cutecosmic-qt6-0:0.1^git20260121.8e58441-3.fc44.x86_64 cutecosmic-0.1^git20260121.8e58441-3.fc44.src.rpm
+desktop-backgrounds-compat-0:44.0.0-2.fc44.noarch desktop-backgrounds-44.0.0-2.fc44.src.rpm
+docbook-dtds-0:1.0-91.fc44.noarch docbook-dtds-1.0-91.fc44.src.rpm
+docbook-style-xsl-0:1.79.2-27.fc44.noarch docbook-style-xsl-1.79.2-27.fc44.src.rpm
+earlyoom-0:1.9.0-2.fc44.x86_64 earlyoom-1.9.0-2.fc44.src.rpm
+fd-find-0:10.4.2-4.fc44.x86_64 rust-fd-find-10.4.2-4.fc44.src.rpm
+fuse-sshfs-0:3.7.6-1.fc44.x86_64 fuse-sshfs-3.7.6-1.fc44.src.rpm
+gnome-icon-theme-0:3.12.0-27.fc44.noarch gnome-icon-theme-3.12.0-27.fc44.src.rpm
+greetd-0:0.10.3-6.fc44.x86_64 greetd-0.10.3-6.fc44.src.rpm
+greetd-selinux-0:0.10.3-6.fc44.noarch greetd-0.10.3-6.fc44.src.rpm
+ibus-panel-0:1.5.34-4.fc44.x86_64 ibus-1.5.34-4.fc44.src.rpm
+jemalloc-0:5.3.0-14.fc44.x86_64 jemalloc-5.3.0-14.fc44.src.rpm
+jsoncpp-0:1.9.6-3.fc44.x86_64 jsoncpp-1.9.6-3.fc44.src.rpm
+kde-cli-tools-0:6.7.4-1.fc44.x86_64 kde-cli-tools-6.7.4-1.fc44.src.rpm
+kde-connect-0:26.04.3-1.fc44.x86_64 kde-connect-26.04.3-1.fc44.src.rpm
+kde-connect-libs-0:26.04.3-1.fc44.x86_64 kde-connect-26.04.3-1.fc44.src.rpm
+kde-connect-nautilus-0:26.04.3-1.fc44.x86_64 kde-connect-26.04.3-1.fc44.src.rpm
+kdeconnectd-0:26.04.3-1.fc44.x86_64 kde-connect-26.04.3-1.fc44.src.rpm
+kdesu-1:6.7.4-1.fc44.x86_64 kde-cli-tools-6.7.4-1.fc44.src.rpm
+kdsoap-ws-discovery-client-0:0.4.0-6.fc44.x86_64 kdsoap-ws-discovery-client-0.4.0-6.fc44.src.rpm
+kdsoap6-0:2.2.0-9.fc44.x86_64 kdsoap-2.2.0-9.fc44.src.rpm
+kf5-karchive-0:5.116.0-5.fc44.x86_64 kf5-karchive-5.116.0-5.fc44.src.rpm
+kf5-kauth-0:5.116.0-5.fc44.x86_64 kf5-kauth-5.116.0-5.fc44.src.rpm
+kf5-kcodecs-0:5.116.0-5.fc44.x86_64 kf5-kcodecs-5.116.0-5.fc44.src.rpm
+kf5-kconfig-core-0:5.116.0-6.fc44.x86_64 kf5-kconfig-5.116.0-6.fc44.src.rpm
+kf5-kconfig-gui-0:5.116.0-6.fc44.x86_64 kf5-kconfig-5.116.0-6.fc44.src.rpm
+kf5-kconfigwidgets-0:5.116.0-5.fc44.x86_64 kf5-kconfigwidgets-5.116.0-5.fc44.src.rpm
+kf5-kcoreaddons-0:5.116.0-5.fc44.x86_64 kf5-kcoreaddons-5.116.0-5.fc44.src.rpm
+kf5-kguiaddons-0:5.116.0-5.fc44.x86_64 kf5-kguiaddons-5.116.0-5.fc44.src.rpm
+kf5-ki18n-0:5.116.0-6.fc44.x86_64 kf5-ki18n-5.116.0-6.fc44.src.rpm
+kf5-kiconthemes-0:5.116.0-5.fc44.x86_64 kf5-kiconthemes-5.116.0-5.fc44.src.rpm
+kf5-kwidgetsaddons-0:5.116.0-5.fc44.x86_64 kf5-kwidgetsaddons-5.116.0-5.fc44.src.rpm
+kf6-attica-0:6.28.0-1.fc44.x86_64 kf6-attica-6.28.0-1.fc44.src.rpm
+kf6-breeze-icons-0:6.28.0-1.fc44.x86_64 kf6-breeze-icons-6.28.0-1.fc44.src.rpm
+kf6-frameworkintegration-0:6.28.0-1.fc44.x86_64 kf6-frameworkintegration-6.28.0-1.fc44.src.rpm
+kf6-frameworkintegration-libs-0:6.28.0-1.fc44.x86_64 kf6-frameworkintegration-6.28.0-1.fc44.src.rpm
+kf6-kbookmarks-0:6.28.0-1.fc44.x86_64 kf6-kbookmarks-6.28.0-1.fc44.src.rpm
+kf6-kcmutils-0:6.28.0-1.fc44.x86_64 kf6-kcmutils-6.28.0-1.fc44.src.rpm
+kf6-kcodecs-0:6.28.0-1.fc44.x86_64 kf6-kcodecs-6.28.0-1.fc44.src.rpm
+kf6-kcolorscheme-0:6.28.0-1.fc44.x86_64 kf6-kcolorscheme-6.28.0-1.fc44.src.rpm
+kf6-kcompletion-0:6.28.0-1.fc44.x86_64 kf6-kcompletion-6.28.0-1.fc44.src.rpm
+kf6-kconfig-0:6.28.0-1.fc44.x86_64 kf6-kconfig-6.28.0-1.fc44.src.rpm
+kf6-kconfigwidgets-0:6.28.0-1.fc44.x86_64 kf6-kconfigwidgets-6.28.0-1.fc44.src.rpm
+kf6-kcontacts-0:6.28.0-1.fc44.x86_64 kf6-kcontacts-6.28.0-1.fc44.src.rpm
+kf6-kcoreaddons-0:6.28.0-1.fc44.x86_64 kf6-kcoreaddons-6.28.0-1.fc44.src.rpm
+kf6-kcrash-0:6.28.0-1.fc44.x86_64 kf6-kcrash-6.28.0-1.fc44.src.rpm
+kf6-kdbusaddons-0:6.28.0-1.fc44.x86_64 kf6-kdbusaddons-6.28.0-1.fc44.src.rpm
+kf6-kdesu-0:6.28.0-1.fc44.x86_64 kf6-kdesu-6.28.0-1.fc44.src.rpm
+kf6-kdnssd-0:6.28.0-1.fc44.x86_64 kf6-kdnssd-6.28.0-1.fc44.src.rpm
+kf6-kdoctools-0:6.28.0-1.fc44.x86_64 kf6-kdoctools-6.28.0-1.fc44.src.rpm
+kf6-kglobalaccel-0:6.28.0-1.fc44.x86_64 kf6-kglobalaccel-6.28.0-1.fc44.src.rpm
+kf6-kguiaddons-0:6.28.0-1.fc44.x86_64 kf6-kguiaddons-6.28.0-1.fc44.src.rpm
+kf6-ki18n-0:6.28.0-1.fc44.x86_64 kf6-ki18n-6.28.0-1.fc44.src.rpm
+kf6-kiconthemes-0:6.28.0-1.fc44.x86_64 kf6-kiconthemes-6.28.0-1.fc44.src.rpm
+kf6-kio-core-0:6.28.0-1.fc44.x86_64 kf6-kio-6.28.0-1.fc44.src.rpm
+kf6-kio-core-libs-0:6.28.0-1.fc44.x86_64 kf6-kio-6.28.0-1.fc44.src.rpm
+kf6-kio-doc-0:6.28.0-1.fc44.noarch kf6-kio-6.28.0-1.fc44.src.rpm
+kf6-kio-file-widgets-0:6.28.0-1.fc44.x86_64 kf6-kio-6.28.0-1.fc44.src.rpm
+kf6-kio-gui-0:6.28.0-1.fc44.x86_64 kf6-kio-6.28.0-1.fc44.src.rpm
+kf6-kio-widgets-0:6.28.0-1.fc44.x86_64 kf6-kio-6.28.0-1.fc44.src.rpm
+kf6-kio-widgets-libs-0:6.28.0-1.fc44.x86_64 kf6-kio-6.28.0-1.fc44.src.rpm
+kf6-kirigami-0:6.28.0-1.fc44.x86_64 kf6-kirigami-6.28.0-1.fc44.src.rpm
+kf6-kirigami-addons-0:1.12.0-2.fc44.x86_64 kf6-kirigami-addons-1.12.0-2.fc44.src.rpm
+kf6-kitemviews-0:6.28.0-1.fc44.x86_64 kf6-kitemviews-6.28.0-1.fc44.src.rpm
+kf6-kjobwidgets-0:6.28.0-1.fc44.x86_64 kf6-kjobwidgets-6.28.0-1.fc44.src.rpm
+kf6-knewstuff-0:6.28.0-1.fc44.x86_64 kf6-knewstuff-6.28.0-1.fc44.src.rpm
+kf6-knotifications-0:6.28.0-1.fc44.x86_64 kf6-knotifications-6.28.0-1.fc44.src.rpm
+kf6-kpackage-0:6.28.0-1.fc44.x86_64 kf6-kpackage-6.28.0-1.fc44.src.rpm
+kf6-kparts-0:6.28.0-1.fc44.x86_64 kf6-kparts-6.28.0-1.fc44.src.rpm
+kf6-kpeople-0:6.28.0-1.fc44.x86_64 kf6-kpeople-6.28.0-1.fc44.src.rpm
+kf6-kpty-0:6.28.0-1.fc44.x86_64 kf6-kpty-6.28.0-1.fc44.src.rpm
+kf6-kquickcharts-0:6.28.0-1.fc44.x86_64 kf6-kquickcharts-6.28.0-1.fc44.src.rpm
+kf6-kservice-0:6.28.0-1.fc44.x86_64 kf6-kservice-6.28.0-1.fc44.src.rpm
+kf6-kstatusnotifieritem-0:6.28.0-1.fc44.x86_64 kf6-kstatusnotifieritem-6.28.0-1.fc44.src.rpm
+kf6-ksvg-0:6.28.0-1.fc44.x86_64 kf6-ksvg-6.28.0-1.fc44.src.rpm
+kf6-kwallet-0:6.28.0-1.fc44.x86_64 kf6-kwallet-6.28.0-1.fc44.src.rpm
+kf6-kwallet-libs-0:6.28.0-1.fc44.x86_64 kf6-kwallet-6.28.0-1.fc44.src.rpm
+kf6-kwidgetsaddons-0:6.28.0-1.fc44.x86_64 kf6-kwidgetsaddons-6.28.0-1.fc44.src.rpm
+kf6-kwindowsystem-0:6.28.0-1.fc44.x86_64 kf6-kwindowsystem-6.28.0-1.fc44.src.rpm
+kf6-kxmlgui-0:6.28.0-1.fc44.x86_64 kf6-kxmlgui-6.28.0-1.fc44.src.rpm
+kf6-modemmanager-qt-0:6.28.0-1.fc44.x86_64 kf6-modemmanager-qt-6.28.0-1.fc44.src.rpm
+kf6-qqc2-desktop-style-0:6.28.0-1.fc44.x86_64 kf6-qqc2-desktop-style-6.28.0-1.fc44.src.rpm
+kf6-solid-0:6.28.0-1.fc44.x86_64 kf6-solid-6.28.0-1.fc44.src.rpm
+kf6-sonnet-0:6.28.0-1.fc44.x86_64 kf6-sonnet-6.28.0-1.fc44.src.rpm
+kf6-sonnet-hunspell-0:6.28.0-1.fc44.x86_64 kf6-sonnet-6.28.0-1.fc44.src.rpm
+kf6-syndication-0:6.28.0-1.fc44.x86_64 kf6-syndication-6.28.0-1.fc44.src.rpm
+kf6-syntax-highlighting-0:6.28.1-1.fc44.x86_64 kf6-syntax-highlighting-6.28.1-1.fc44.src.rpm
+kio-extras-0:26.04.3-1.fc44.x86_64 kio-extras-26.04.3-1.fc44.src.rpm
+libfakekey-0:0.3-27.fc44.x86_64 libfakekey-0.3-27.fc44.src.rpm
+libfprint-tod-0:1.94.5-2.fc44.x86_64 libfprint-tod-1.94.5-2.fc44.src.rpm
+libfprint-tod-goodix-0:0.0.9-1.fc44.x86_64 libfprint-tod-goodix-0.0.9-1.fc44.src.rpm
+libkexiv2-qt6-0:26.04.3-1.fc44.x86_64 libkexiv2-26.04.3-1.fc44.src.rpm
+libkworkspace6-0:6.7.4-1.fc44.x86_64 plasma-workspace-6.7.4-1.fc44.src.rpm
+libplasma-0:6.7.4-1.fc44.x86_64 libplasma-6.7.4-1.fc44.src.rpm
+libqalculate-0:5.9.0-1.fc44.x86_64 libqalculate-5.9.0-1.fc44.src.rpm
+libseat-0:0.9.3-1.fc44.x86_64 seatd-0.9.3-1.fc44.src.rpm
+media-player-info-0:23-20.fc44.noarch media-player-info-23-20.fc44.src.rpm
+openxr-libs-0:1.1.62-1.fc44.x86_64 openxr-1.1.62-1.fc44.src.rpm
+plasma-activities-0:6.7.4-1.fc44.x86_64 plasma-activities-6.7.4-1.fc44.src.rpm
+plasma-activities-stats-0:6.7.4-1.fc44.x86_64 plasma-activities-stats-6.7.4-1.fc44.src.rpm
+plasma-breeze-common-0:6.7.4-1.fc44.noarch plasma-breeze-6.7.4-1.fc44.src.rpm
+plasma-breeze-qt6-0:6.7.4-1.fc44.x86_64 plasma-breeze-6.7.4-1.fc44.src.rpm
+plasma-workspace-common-0:6.7.4-1.fc44.x86_64 plasma-workspace-6.7.4-1.fc44.src.rpm
+playerctl-0:2.4.1-12.fc44.x86_64 playerctl-2.4.1-12.fc44.src.rpm
+playerctl-libs-0:2.4.1-12.fc44.x86_64 playerctl-2.4.1-12.fc44.src.rpm
+polkit-qt5-1-0:0.201.1-1.fc44.x86_64 polkit-qt-1-0.201.1-1.fc44.src.rpm
+poly2tri-0:0.0^20130501hg26242d0aa7b8-7.fc44.x86_64 poly2tri-0.0^20130501hg26242d0aa7b8-7.fc44.src.rpm
+pop-icon-theme-0:3.5.0-5.fc44.noarch pop-icon-theme-3.5.0-5.fc44.src.rpm
+pop-launcher-1:1.5.0-1.fc44.x86_64 pop-launcher-1.5.0-1.fc44.src.rpm
+pugixml-0:1.16-1.fc44.x86_64 pugixml-1.16-1.fc44.src.rpm
+pulseaudio-qt-qt6-0:1.8.1-1.fc44.x86_64 pulseaudio-qt-1.8.1-1.fc44.src.rpm
+qalculate-0:5.9.0-1.fc44.x86_64 libqalculate-5.9.0-1.fc44.src.rpm
+qca-qt6-0:2.3.10-4.fc44.x86_64 qca-2.3.10-4.fc44.src.rpm
+qca-qt6-ossl-0:2.3.10-4.fc44.x86_64 qca-2.3.10-4.fc44.src.rpm
+qqc2-breeze-style-0:6.7.4-1.fc44.x86_64 qqc2-breeze-style-6.7.4-1.fc44.src.rpm
+qt5ct-0:1.9-8.fc44.x86_64 qt5ct-1.9-8.fc44.src.rpm
+qt6-qt5compat-0:6.11.1-1.fc44.x86_64 qt6-qt5compat-6.11.1-1.fc44.src.rpm
+qt6-qtconnectivity-0:6.11.1-1.fc44.x86_64 qt6-qtconnectivity-6.11.1-1.fc44.src.rpm
+qt6-qtmultimedia-0:6.11.1-1.fc44.x86_64 qt6-qtmultimedia-6.11.1-1.fc44.src.rpm
+qt6-qtquick3d-0:6.11.1-1.fc44.x86_64 qt6-qtquick3d-6.11.1-1.fc44.src.rpm
+qt6-qtquicktimeline-0:6.11.1-1.fc44.x86_64 qt6-qtquicktimeline-6.11.1-1.fc44.src.rpm
+qt6-qtshadertools-0:6.11.1-1.fc44.x86_64 qt6-qtshadertools-6.11.1-1.fc44.src.rpm
+qt6ct-0:0.11-15.20250907git23a985f.fc44.x86_64 qt6ct-0.11-15.20250907git23a985f.fc44.src.rpm
+sgml-common-0:0.6.3-68.fc44.noarch sgml-common-0.6.3-68.fc44.src.rpm
+xdg-desktop-portal-cosmic-0:1.5.0-1.fc44.x86_64 xdg-desktop-portal-cosmic-1.5.0-1.fc44.src.rpm
-libfprint-0:1.94.10-5.fc44.x86_64 libfprint-1.94.10-5.fc44.src.rpm
