+assimp-0:6.0.5-2.fc44.x86_64 assimp-6.0.5-2.fc44.src.rpm
+docbook-dtds-0:1.0-91.fc44.noarch docbook-dtds-1.0-91.fc44.src.rpm
+docbook-style-xsl-0:1.79.2-27.fc44.noarch docbook-style-xsl-1.79.2-27.fc44.src.rpm
+fuse-sshfs-0:3.7.6-1.fc44.x86_64 fuse-sshfs-3.7.6-1.fc44.src.rpm
+jsoncpp-0:1.9.6-3.fc44.x86_64 jsoncpp-1.9.6-3.fc44.src.rpm
+kde-cli-tools-0:6.7.4-1.fc44.x86_64 kde-cli-tools-6.7.4-1.fc44.src.rpm
+kde-connect-0:26.04.3-1.fc44.x86_64 kde-connect-26.04.3-1.fc44.src.rpm
+kde-connect-libs-0:26.04.3-1.fc44.x86_64 kde-connect-26.04.3-1.fc44.src.rpm
+kde-connect-nautilus-0:26.04.3-1.fc44.x86_64 kde-connect-26.04.3-1.fc44.src.rpm
+kdeconnectd-0:26.04.3-1.fc44.x86_64 kde-connect-26.04.3-1.fc44.src.rpm
+kdesu-1:6.7.4-1.fc44.x86_64 kde-cli-tools-6.7.4-1.fc44.src.rpm
+kdsoap-ws-discovery-client-0:0.4.0-6.fc44.x86_64 kdsoap-ws-discovery-client-0.4.0-6.fc44.src.rpm
+kdsoap6-0:2.2.0-9.fc44.x86_64 kdsoap-2.2.0-9.fc44.src.rpm
+kf6-kbookmarks-0:6.28.0-1.fc44.x86_64 kf6-kbookmarks-6.28.0-1.fc44.src.rpm
+kf6-kcmutils-0:6.28.0-1.fc44.x86_64 kf6-kcmutils-6.28.0-1.fc44.src.rpm
+kf6-kcompletion-0:6.28.0-1.fc44.x86_64 kf6-kcompletion-6.28.0-1.fc44.src.rpm
+kf6-kconfigwidgets-0:6.28.0-1.fc44.x86_64 kf6-kconfigwidgets-6.28.0-1.fc44.src.rpm
+kf6-kcontacts-0:6.28.0-1.fc44.x86_64 kf6-kcontacts-6.28.0-1.fc44.src.rpm
+kf6-kcrash-0:6.28.0-1.fc44.x86_64 kf6-kcrash-6.28.0-1.fc44.src.rpm
+kf6-kdbusaddons-0:6.28.0-1.fc44.x86_64 kf6-kdbusaddons-6.28.0-1.fc44.src.rpm
+kf6-kdesu-0:6.28.0-1.fc44.x86_64 kf6-kdesu-6.28.0-1.fc44.src.rpm
+kf6-kdnssd-0:6.28.0-1.fc44.x86_64 kf6-kdnssd-6.28.0-1.fc44.src.rpm
+kf6-kdoctools-0:6.28.0-1.fc44.x86_64 kf6-kdoctools-6.28.0-1.fc44.src.rpm
+kf6-kglobalaccel-0:6.28.0-1.fc44.x86_64 kf6-kglobalaccel-6.28.0-1.fc44.src.rpm
+kf6-kio-core-0:6.28.0-1.fc44.x86_64 kf6-kio-6.28.0-1.fc44.src.rpm
+kf6-kio-core-libs-0:6.28.0-1.fc44.x86_64 kf6-kio-6.28.0-1.fc44.src.rpm
+kf6-kio-doc-0:6.28.0-1.fc44.noarch kf6-kio-6.28.0-1.fc44.src.rpm
+kf6-kio-file-widgets-0:6.28.0-1.fc44.x86_64 kf6-kio-6.28.0-1.fc44.src.rpm
+kf6-kio-gui-0:6.28.0-1.fc44.x86_64 kf6-kio-6.28.0-1.fc44.src.rpm
+kf6-kio-widgets-0:6.28.0-1.fc44.x86_64 kf6-kio-6.28.0-1.fc44.src.rpm
+kf6-kio-widgets-libs-0:6.28.0-1.fc44.x86_64 kf6-kio-6.28.0-1.fc44.src.rpm
+kf6-kirigami-addons-0:1.12.0-2.fc44.x86_64 kf6-kirigami-addons-1.12.0-2.fc44.src.rpm
+kf6-kitemviews-0:6.28.0-1.fc44.x86_64 kf6-kitemviews-6.28.0-1.fc44.src.rpm
+kf6-kjobwidgets-0:6.28.0-1.fc44.x86_64 kf6-kjobwidgets-6.28.0-1.fc44.src.rpm
+kf6-kparts-0:6.28.0-1.fc44.x86_64 kf6-kparts-6.28.0-1.fc44.src.rpm
+kf6-kpeople-0:6.28.0-1.fc44.x86_64 kf6-kpeople-6.28.0-1.fc44.src.rpm
+kf6-kpty-0:6.28.0-1.fc44.x86_64 kf6-kpty-6.28.0-1.fc44.src.rpm
+kf6-kservice-0:6.28.0-1.fc44.x86_64 kf6-kservice-6.28.0-1.fc44.src.rpm
+kf6-kstatusnotifieritem-0:6.28.0-1.fc44.x86_64 kf6-kstatusnotifieritem-6.28.0-1.fc44.src.rpm
+kf6-ksvg-0:6.28.0-1.fc44.x86_64 kf6-ksvg-6.28.0-1.fc44.src.rpm
+kf6-kwallet-0:6.28.0-1.fc44.x86_64 kf6-kwallet-6.28.0-1.fc44.src.rpm
+kf6-kwallet-libs-0:6.28.0-1.fc44.x86_64 kf6-kwallet-6.28.0-1.fc44.src.rpm
+kf6-kxmlgui-0:6.28.0-1.fc44.x86_64 kf6-kxmlgui-6.28.0-1.fc44.src.rpm
+kf6-modemmanager-qt-0:6.28.0-1.fc44.x86_64 kf6-modemmanager-qt-6.28.0-1.fc44.src.rpm
+kf6-solid-0:6.28.0-1.fc44.x86_64 kf6-solid-6.28.0-1.fc44.src.rpm
+kf6-syntax-highlighting-0:6.28.1-1.fc44.x86_64 kf6-syntax-highlighting-6.28.1-1.fc44.src.rpm
+kio-extras-0:26.04.3-1.fc44.x86_64 kio-extras-26.04.3-1.fc44.src.rpm
+libfakekey-0:0.3-27.fc44.x86_64 libfakekey-0.3-27.fc44.src.rpm
+libkexiv2-qt6-0:26.04.3-1.fc44.x86_64 libkexiv2-26.04.3-1.fc44.src.rpm
+libkworkspace6-0:6.7.4-1.fc44.x86_64 plasma-workspace-6.7.4-1.fc44.src.rpm
+libplasma-0:6.7.4-1.fc44.x86_64 libplasma-6.7.4-1.fc44.src.rpm
+media-player-info-0:23-20.fc44.noarch media-player-info-23-20.fc44.src.rpm
+openxr-libs-0:1.1.62-1.fc44.x86_64 openxr-1.1.62-1.fc44.src.rpm
+plasma-activities-0:6.7.4-1.fc44.x86_64 plasma-activities-6.7.4-1.fc44.src.rpm
+plasma-activities-stats-0:6.7.4-1.fc44.x86_64 plasma-activities-stats-6.7.4-1.fc44.src.rpm
+plasma-workspace-common-0:6.7.4-1.fc44.x86_64 plasma-workspace-6.7.4-1.fc44.src.rpm
+poly2tri-0:0.0^20130501hg26242d0aa7b8-7.fc44.x86_64 poly2tri-0.0^20130501hg26242d0aa7b8-7.fc44.src.rpm
+pugixml-0:1.16-1.fc44.x86_64 pugixml-1.16-1.fc44.src.rpm
+pulseaudio-qt-qt6-0:1.8.1-1.fc44.x86_64 pulseaudio-qt-1.8.1-1.fc44.src.rpm
+qca-qt6-0:2.3.10-4.fc44.x86_64 qca-2.3.10-4.fc44.src.rpm
+qca-qt6-ossl-0:2.3.10-4.fc44.x86_64 qca-2.3.10-4.fc44.src.rpm
+qt6-qt5compat-0:6.11.1-1.fc44.x86_64 qt6-qt5compat-6.11.1-1.fc44.src.rpm
+qt6-qtconnectivity-0:6.11.1-1.fc44.x86_64 qt6-qtconnectivity-6.11.1-1.fc44.src.rpm
+qt6-qtmultimedia-0:6.11.1-1.fc44.x86_64 qt6-qtmultimedia-6.11.1-1.fc44.src.rpm
+qt6-qtquick3d-0:6.11.1-1.fc44.x86_64 qt6-qtquick3d-6.11.1-1.fc44.src.rpm
+qt6-qtquicktimeline-0:6.11.1-1.fc44.x86_64 qt6-qtquicktimeline-6.11.1-1.fc44.src.rpm
+qt6-qtshadertools-0:6.11.1-1.fc44.x86_64 qt6-qtshadertools-6.11.1-1.fc44.src.rpm
+sgml-common-0:0.6.3-68.fc44.noarch sgml-common-0.6.3-68.fc44.src.rpm
