+PackageKit-Qt6-0:1.1.4-4.fc44.x86_64
+acpid-0:2.0.34-16.fc44.x86_64
+appstream-qt-0:1.1.3-1.fc44.x86_64
+assimp-0:6.0.5-2.fc44.x86_64
+breeze-icon-theme-0:6.28.0-1.fc44.noarch
+cosmic-app-library-0:1.5.0-1.fc44.x86_64
+cosmic-applets-0:1.5.0-1.fc44.x86_64
+cosmic-bg-0:1.5.0-1.fc44.x86_64
+cosmic-comp-0:1.5.0-1.fc44.x86_64
+cosmic-config-fedora-0:0~git.20241103.1.d35e087-5.fc44.noarch
+cosmic-edit-0:1.5.0-1.fc44.x86_64
+cosmic-files-0:1.5.0-1.fc44.x86_64
+cosmic-greeter-0:1.5.0-1.fc44.x86_64
+cosmic-icon-theme-0:1.5.0-1.fc44.noarch
+cosmic-idle-0:1.5.0-1.fc44.x86_64
+cosmic-initial-setup-0:1.5.0-1.fc44.x86_64
+cosmic-launcher-0:1.5.0-1.fc44.x86_64
+cosmic-notifications-0:1.5.0-1.fc44.x86_64
+cosmic-osd-0:1.5.0-1.fc44.x86_64
+cosmic-panel-0:1.5.0-1.fc44.x86_64
+cosmic-randr-0:1.5.0-1.fc44.x86_64
+cosmic-screenshot-0:1.5.0-1.fc44.x86_64
+cosmic-session-0:1.5.0-1.fc44.x86_64
+cosmic-settings-0:1.5.0-1.fc44.x86_64
+cosmic-settings-daemon-0:1.5.0-1.fc44.x86_64
+cosmic-store-0:1.5.0-1.fc44.x86_64
+cosmic-term-0:1.5.0-1.fc44.x86_64
+cosmic-wallpapers-0:1.5.0-1.fc44.noarch
+cosmic-workspaces-0:1.5.0-1.fc44.x86_64
+cutecosmic-qt6-0:0.1^git20260121.8e58441-3.fc44.x86_64
+desktop-backgrounds-compat-0:44.0.0-2.fc44.noarch
+docbook-dtds-0:1.0-91.fc44.noarch
+docbook-style-xsl-0:1.79.2-27.fc44.noarch
+earlyoom-0:1.9.0-2.fc44.x86_64
+fd-find-0:10.4.2-4.fc44.x86_64
+fuse-sshfs-0:3.7.6-1.fc44.x86_64
+gnome-icon-theme-0:3.12.0-27.fc44.noarch
+greetd-0:0.10.3-6.fc44.x86_64
+greetd-selinux-0:0.10.3-6.fc44.noarch
+ibus-panel-0:1.5.34-2.fc44.x86_64
+jemalloc-0:5.3.0-14.fc44.x86_64
+jsoncpp-0:1.9.6-3.fc44.x86_64
+kde-cli-tools-0:6.7.3-1.fc44.x86_64
+kde-connect-0:26.04.3-1.fc44.x86_64
+kde-connect-libs-0:26.04.3-1.fc44.x86_64
+kde-connect-nautilus-0:26.04.3-1.fc44.x86_64
+kdeconnectd-0:26.04.3-1.fc44.x86_64
+kdesu-1:6.7.3-1.fc44.x86_64
+kdsoap-ws-discovery-client-0:0.4.0-6.fc44.x86_64
+kdsoap6-0:2.2.0-9.fc44.x86_64
+kf5-karchive-0:5.116.0-5.fc44.x86_64
+kf5-kauth-0:5.116.0-5.fc44.x86_64
+kf5-kcodecs-0:5.116.0-5.fc44.x86_64
+kf5-kconfig-core-0:5.116.0-6.fc44.x86_64
+kf5-kconfig-gui-0:5.116.0-6.fc44.x86_64
+kf5-kconfigwidgets-0:5.116.0-5.fc44.x86_64
+kf5-kcoreaddons-0:5.116.0-5.fc44.x86_64
+kf5-kguiaddons-0:5.116.0-5.fc44.x86_64
+kf5-ki18n-0:5.116.0-6.fc44.x86_64
+kf5-kiconthemes-0:5.116.0-5.fc44.x86_64
+kf5-kwidgetsaddons-0:5.116.0-5.fc44.x86_64
+kf6-attica-0:6.28.0-1.fc44.x86_64
+kf6-breeze-icons-0:6.28.0-1.fc44.x86_64
+kf6-frameworkintegration-0:6.28.0-1.fc44.x86_64
+kf6-frameworkintegration-libs-0:6.28.0-1.fc44.x86_64
+kf6-kbookmarks-0:6.28.0-1.fc44.x86_64
+kf6-kcmutils-0:6.28.0-1.fc44.x86_64
+kf6-kcodecs-0:6.28.0-1.fc44.x86_64
+kf6-kcolorscheme-0:6.28.0-1.fc44.x86_64
+kf6-kcompletion-0:6.28.0-1.fc44.x86_64
+kf6-kconfig-0:6.28.0-1.fc44.x86_64
+kf6-kconfigwidgets-0:6.28.0-1.fc44.x86_64
+kf6-kcontacts-0:6.28.0-1.fc44.x86_64
+kf6-kcoreaddons-0:6.28.0-1.fc44.x86_64
+kf6-kcrash-0:6.28.0-1.fc44.x86_64
+kf6-kdbusaddons-0:6.28.0-1.fc44.x86_64
+kf6-kdesu-0:6.28.0-1.fc44.x86_64
+kf6-kdnssd-0:6.28.0-1.fc44.x86_64
+kf6-kdoctools-0:6.28.0-1.fc44.x86_64
+kf6-kglobalaccel-0:6.28.0-1.fc44.x86_64
+kf6-kguiaddons-0:6.28.0-1.fc44.x86_64
+kf6-ki18n-0:6.28.0-1.fc44.x86_64
+kf6-kiconthemes-0:6.28.0-1.fc44.x86_64
+kf6-kio-core-0:6.28.0-1.fc44.x86_64
+kf6-kio-core-libs-0:6.28.0-1.fc44.x86_64
+kf6-kio-doc-0:6.28.0-1.fc44.noarch
+kf6-kio-file-widgets-0:6.28.0-1.fc44.x86_64
+kf6-kio-gui-0:6.28.0-1.fc44.x86_64
+kf6-kio-widgets-0:6.28.0-1.fc44.x86_64
+kf6-kio-widgets-libs-0:6.28.0-1.fc44.x86_64
+kf6-kirigami-0:6.28.0-1.fc44.x86_64
+kf6-kirigami-addons-0:1.12.0-2.fc44.x86_64
+kf6-kitemviews-0:6.28.0-1.fc44.x86_64
+kf6-kjobwidgets-0:6.28.0-1.fc44.x86_64
+kf6-knewstuff-0:6.28.0-1.fc44.x86_64
+kf6-knotifications-0:6.28.0-1.fc44.x86_64
+kf6-kpackage-0:6.28.0-1.fc44.x86_64
+kf6-kparts-0:6.28.0-1.fc44.x86_64
+kf6-kpeople-0:6.28.0-1.fc44.x86_64
+kf6-kpty-0:6.28.0-1.fc44.x86_64
+kf6-kquickcharts-0:6.28.0-1.fc44.x86_64
+kf6-kservice-0:6.28.0-1.fc44.x86_64
+kf6-kstatusnotifieritem-0:6.28.0-1.fc44.x86_64
+kf6-ksvg-0:6.28.0-1.fc44.x86_64
+kf6-kwallet-0:6.28.0-1.fc44.x86_64
+kf6-kwallet-libs-0:6.28.0-1.fc44.x86_64
+kf6-kwidgetsaddons-0:6.28.0-1.fc44.x86_64
+kf6-kwindowsystem-0:6.28.0-1.fc44.x86_64
+kf6-kxmlgui-0:6.28.0-1.fc44.x86_64
+kf6-modemmanager-qt-0:6.28.0-1.fc44.x86_64
+kf6-qqc2-desktop-style-0:6.28.0-1.fc44.x86_64
+kf6-solid-0:6.28.0-1.fc44.x86_64
+kf6-sonnet-0:6.28.0-1.fc44.x86_64
+kf6-sonnet-hunspell-0:6.28.0-1.fc44.x86_64
+kf6-syndication-0:6.28.0-1.fc44.x86_64
+kf6-syntax-highlighting-0:6.28.1-1.fc44.x86_64
+kio-extras-0:26.04.3-1.fc44.x86_64
+libfakekey-0:0.3-27.fc44.x86_64
+libfprint-tod-0:1.94.5-2.fc44.x86_64
+libfprint-tod-goodix-0:0.0.9-1.fc44.x86_64
+libkexiv2-qt6-0:26.04.3-1.fc44.x86_64
+libkworkspace6-0:6.7.3-1.fc44.x86_64
+libplasma-0:6.7.3-1.fc44.x86_64
+libqalculate-0:5.9.0-1.fc44.x86_64
+libseat-0:0.9.3-1.fc44.x86_64
+media-player-info-0:23-20.fc44.noarch
+openxr-libs-0:1.1.61-1.fc44.x86_64
+plasma-activities-0:6.7.3-1.fc44.x86_64
+plasma-activities-stats-0:6.7.3-1.fc44.x86_64
+plasma-breeze-common-0:6.7.3-1.fc44.noarch
+plasma-breeze-qt6-0:6.7.3-1.fc44.x86_64
+plasma-workspace-common-0:6.7.3-1.fc44.x86_64
+playerctl-0:2.4.1-12.fc44.x86_64
+playerctl-libs-0:2.4.1-12.fc44.x86_64
+polkit-qt5-1-0:0.201.1-1.fc44.x86_64
+poly2tri-0:0.0^20130501hg26242d0aa7b8-7.fc44.x86_64
+pop-icon-theme-0:3.5.0-5.fc44.noarch
+pop-launcher-1:1.5.0-1.fc44.x86_64
+pugixml-0:1.16-1.fc44.x86_64
+pulseaudio-qt-qt6-0:1.8.1-1.fc44.x86_64
+qalculate-0:5.9.0-1.fc44.x86_64
+qca-qt6-0:2.3.10-4.fc44.x86_64
+qca-qt6-ossl-0:2.3.10-4.fc44.x86_64
+qqc2-breeze-style-0:6.7.3-1.fc44.x86_64
+qt5ct-0:1.9-8.fc44.x86_64
+qt6-qt5compat-0:6.11.1-1.fc44.x86_64
+qt6-qtconnectivity-0:6.11.1-1.fc44.x86_64
+qt6-qtmultimedia-0:6.11.1-1.fc44.x86_64
+qt6-qtquick3d-0:6.11.1-1.fc44.x86_64
+qt6-qtquicktimeline-0:6.11.1-1.fc44.x86_64
+qt6-qtshadertools-0:6.11.1-1.fc44.x86_64
+qt6ct-0:0.11-15.20250907git23a985f.fc44.x86_64
+sgml-common-0:0.6.3-68.fc44.noarch
+xdg-desktop-portal-cosmic-0:1.5.0-1.fc44.x86_64
-libfprint-0:1.94.10-5.fc44.x86_64
